
Microsoft Visual Studio Solution File, Format Version 12.00
# Visual Studio 15
VisualStudioVersion = 15.0.27428.2037
MinimumVisualStudioVersion = 10.0.40219.1
Project("{888888A0-9F3D-457C-B088-3A5042F75D52}") = "Begin", "Begin.pyproj", "{DD0EFA3B-8738-4E9B-9BCD-B5B151B2D4F5}"
EndProject
Global
	GlobalSection(SolutionConfigurationPlatforms) = preSolution
		Debug|Any CPU = Debug|Any CPU
		Release|Any CPU = Release|Any CPU
	EndGlobalSection
	GlobalSection(ProjectConfigurationPlatforms) = postSolution
		{DD0EFA3B-8738-4E9B-9BCD-B5B151B2D4F5}.Debug|Any CPU.ActiveCfg = Debug|Any CPU
		{DD0EFA3B-8738-4E9B-9BCD-B5B151B2D4F5}.Release|Any CPU.ActiveCfg = Release|Any CPU
	EndGlobalSection
	GlobalSection(SolutionProperties) = preSolution
		HideSolutionNode = FALSE
	EndGlobalSection
	GlobalSection(ExtensibilityGlobals) = postSolution
		SolutionGuid = {C2114FBE-4BFD-4B32-96E8-E6DBC5BC85D9}
	EndGlobalSection
EndGlobal
