
Microsoft Visual Studio Solution File, Format Version 12.00
# Visual Studio 15
VisualStudioVersion = 15.0.28307.1022
MinimumVisualStudioVersion = 10.0.40219.1
Project("{888888A0-9F3D-457C-B088-3A5042F75D52}") = "PythonPartsBasic", "PythonPartsBasic.pyproj", "{F78C1080-552C-490D-8AC5-D847E0F81C9E}"
EndProject
Global
	GlobalSection(SolutionConfigurationPlatforms) = preSolution
		Debug|Any CPU = Debug|Any CPU
		Release|Any CPU = Release|Any CPU
	EndGlobalSection
	GlobalSection(ProjectConfigurationPlatforms) = postSolution
		{F78C1080-552C-490D-8AC5-D847E0F81C9E}.Debug|Any CPU.ActiveCfg = Debug|Any CPU
		{F78C1080-552C-490D-8AC5-D847E0F81C9E}.Release|Any CPU.ActiveCfg = Release|Any CPU
	EndGlobalSection
	GlobalSection(SolutionProperties) = preSolution
		HideSolutionNode = FALSE
	EndGlobalSection
	GlobalSection(ExtensibilityGlobals) = postSolution
		SolutionGuid = {A31F2314-C7C4-4DCD-B51C-4A385A6726D8}
	EndGlobalSection
EndGlobal
